
Microsoft Visual Studio Solution File, Format Version 12.00
# Visual Studio Version 16
VisualStudioVersion = 16.0.30907.101
MinimumVisualStudioVersion = 10.0.40219.1
Project("{9A19103F-16F7-4668-BE54-9A1E7A4F7556}") = "Sistema-de-Registro-de-Estudiantes", "Sistema-de-Registro-de-Estudiantes.csproj", "{AA41BB6C-3B4E-44C4-BCFD-2AC038FBDDEB}"
EndProject
Global
	GlobalSection(SolutionConfigurationPlatforms) = preSolution
		Debug|Any CPU = Debug|Any CPU
		Release|Any CPU = Release|Any CPU
	EndGlobalSection
	GlobalSection(ProjectConfigurationPlatforms) = postSolution
		{AA41BB6C-3B4E-44C4-BCFD-2AC038FBDDEB}.Debug|Any CPU.ActiveCfg = Debug|Any CPU
		{AA41BB6C-3B4E-44C4-BCFD-2AC038FBDDEB}.Debug|Any CPU.Build.0 = Debug|Any CPU
		{AA41BB6C-3B4E-44C4-BCFD-2AC038FBDDEB}.Release|Any CPU.ActiveCfg = Release|Any CPU
		{AA41BB6C-3B4E-44C4-BCFD-2AC038FBDDEB}.Release|Any CPU.Build.0 = Release|Any CPU
	EndGlobalSection
	GlobalSection(SolutionProperties) = preSolution
		HideSolutionNode = FALSE
	EndGlobalSection
	GlobalSection(ExtensibilityGlobals) = postSolution
		SolutionGuid = {A6FD5395-F837-4BB8-931E-A7FCAA612005}
	EndGlobalSection
EndGlobal
